
Microsoft Visual Studio Solution File, Format Version 12.00
# Visual Studio Version 17
VisualStudioVersion = 17.6.33815.320
MinimumVisualStudioVersion = 10.0.40219.1
Project("{FAE04EC0-301F-11D3-BF4B-00C04F79EFBC}") = "HolaMundo", "HolaMundo.csproj", "{9A29709D-2531-40EA-8838-D92809486E40}"
EndProject
Project("{FAE04EC0-301F-11D3-BF4B-00C04F79EFBC}") = "01-PruebaBancaria", "..\01-PruebaBancaria\01-PruebaBancaria.csproj", "{82C724DA-E027-4C53-BB70-A3A55C67F52B}"
EndProject
Global
	GlobalSection(SolutionConfigurationPlatforms) = preSolution
		Debug|Any CPU = Debug|Any CPU
		Release|Any CPU = Release|Any CPU
	EndGlobalSection
	GlobalSection(ProjectConfigurationPlatforms) = postSolution
		{9A29709D-2531-40EA-8838-D92809486E40}.Debug|Any CPU.ActiveCfg = Debug|Any CPU
		{9A29709D-2531-40EA-8838-D92809486E40}.Debug|Any CPU.Build.0 = Debug|Any CPU
		{9A29709D-2531-40EA-8838-D92809486E40}.Release|Any CPU.ActiveCfg = Release|Any CPU
		{9A29709D-2531-40EA-8838-D92809486E40}.Release|Any CPU.Build.0 = Release|Any CPU
		{82C724DA-E027-4C53-BB70-A3A55C67F52B}.Debug|Any CPU.ActiveCfg = Debug|Any CPU
		{82C724DA-E027-4C53-BB70-A3A55C67F52B}.Debug|Any CPU.Build.0 = Debug|Any CPU
		{82C724DA-E027-4C53-BB70-A3A55C67F52B}.Release|Any CPU.ActiveCfg = Release|Any CPU
		{82C724DA-E027-4C53-BB70-A3A55C67F52B}.Release|Any CPU.Build.0 = Release|Any CPU
	EndGlobalSection
	GlobalSection(SolutionProperties) = preSolution
		HideSolutionNode = FALSE
	EndGlobalSection
	GlobalSection(ExtensibilityGlobals) = postSolution
		SolutionGuid = {C2A34B65-475D-4726-A555-104232DCEF98}
	EndGlobalSection
EndGlobal
